
Microsoft Visual Studio Solution File, Format Version 12.00
# Visual Studio Version 17
VisualStudioVersion = 17.4.33213.308
MinimumVisualStudioVersion = 10.0.40219.1
Project("{FAE04EC0-301F-11D3-BF4B-00C04F79EFBC}") = "SunEvents", "SunEvents.csproj", "{393D6C15-1F73-4281-9AAE-47937BBEECE0}"
EndProject
Global
	GlobalSection(SolutionConfigurationPlatforms) = preSolution
		Debug|Any CPU = Debug|Any CPU
		Release|Any CPU = Release|Any CPU
	EndGlobalSection
	GlobalSection(ProjectConfigurationPlatforms) = postSolution
		{393D6C15-1F73-4281-9AAE-47937BBEECE0}.Debug|Any CPU.ActiveCfg = Debug|Any CPU
		{393D6C15-1F73-4281-9AAE-47937BBEECE0}.Debug|Any CPU.Build.0 = Debug|Any CPU
		{393D6C15-1F73-4281-9AAE-47937BBEECE0}.Release|Any CPU.ActiveCfg = Release|Any CPU
		{393D6C15-1F73-4281-9AAE-47937BBEECE0}.Release|Any CPU.Build.0 = Release|Any CPU
	EndGlobalSection
	GlobalSection(SolutionProperties) = preSolution
		HideSolutionNode = FALSE
	EndGlobalSection
	GlobalSection(ExtensibilityGlobals) = postSolution
		SolutionGuid = {A4E468FB-FD59-4B31-995D-4459FC2A8CD7}
	EndGlobalSection
EndGlobal
